
Microsoft Visual Studio Solution File, Format Version 12.00
# Visual Studio 14
VisualStudioVersion = 14.0.25420.1
MinimumVisualStudioVersion = 10.0.40219.1
Project("{FAE04EC0-301F-11D3-BF4B-00C04F79EFBC}") = "TeduShop.Common", "TeduShop.Common\TeduShop.Common.csproj", "{E09A19C1-91D0-442D-BD63-06074C651CB5}"
EndProject
Project("{FAE04EC0-301F-11D3-BF4B-00C04F79EFBC}") = "TeduShop.Model", "TeduShop.Model\TeduShop.Model.csproj", "{3B6BA0C5-FFC3-43AB-8BD1-D386AE0D4E6A}"
EndProject
Project("{FAE04EC0-301F-11D3-BF4B-00C04F79EFBC}") = "TeduShop.Data", "TeduShop.Data\TeduShop.Data.csproj", "{D382E0BC-78BD-4ECD-A50F-C3A7349AD1B7}"
EndProject
Project("{FAE04EC0-301F-11D3-BF4B-00C04F79EFBC}") = "TeduShop.Service", "TeduShop.Service\TeduShop.Service.csproj", "{4176E1E1-DC37-4C1C-9900-045C5EE49CD9}"
EndProject
Project("{FAE04EC0-301F-11D3-BF4B-00C04F79EFBC}") = "TeduShop.Web", "TeduShop.Web\TeduShop.Web.csproj", "{150557B3-FC10-4E0D-9FE6-E5BB1F4050B0}"
EndProject
Project("{FAE04EC0-301F-11D3-BF4B-00C04F79EFBC}") = "TeduShop.UnitTest", "TeduShop.UnitTest\TeduShop.UnitTest.csproj", "{C45E16AC-8C60-44C8-A113-A423E4B0D8D3}"
EndProject
Global
	GlobalSection(SolutionConfigurationPlatforms) = preSolution
		Debug|Any CPU = Debug|Any CPU
		Release|Any CPU = Release|Any CPU
	EndGlobalSection
	GlobalSection(ProjectConfigurationPlatforms) = postSolution
		{E09A19C1-91D0-442D-BD63-06074C651CB5}.Debug|Any CPU.ActiveCfg = Debug|Any CPU
		{E09A19C1-91D0-442D-BD63-06074C651CB5}.Debug|Any CPU.Build.0 = Debug|Any CPU
		{E09A19C1-91D0-442D-BD63-06074C651CB5}.Release|Any CPU.ActiveCfg = Release|Any CPU
		{E09A19C1-91D0-442D-BD63-06074C651CB5}.Release|Any CPU.Build.0 = Release|Any CPU
		{3B6BA0C5-FFC3-43AB-8BD1-D386AE0D4E6A}.Debug|Any CPU.ActiveCfg = Debug|Any CPU
		{3B6BA0C5-FFC3-43AB-8BD1-D386AE0D4E6A}.Debug|Any CPU.Build.0 = Debug|Any CPU
		{3B6BA0C5-FFC3-43AB-8BD1-D386AE0D4E6A}.Release|Any CPU.ActiveCfg = Release|Any CPU
		{3B6BA0C5-FFC3-43AB-8BD1-D386AE0D4E6A}.Release|Any CPU.Build.0 = Release|Any CPU
		{D382E0BC-78BD-4ECD-A50F-C3A7349AD1B7}.Debug|Any CPU.ActiveCfg = Debug|Any CPU
		{D382E0BC-78BD-4ECD-A50F-C3A7349AD1B7}.Debug|Any CPU.Build.0 = Debug|Any CPU
		{D382E0BC-78BD-4ECD-A50F-C3A7349AD1B7}.Release|Any CPU.ActiveCfg = Release|Any CPU
		{D382E0BC-78BD-4ECD-A50F-C3A7349AD1B7}.Release|Any CPU.Build.0 = Release|Any CPU
		{4176E1E1-DC37-4C1C-9900-045C5EE49CD9}.Debug|Any CPU.ActiveCfg = Debug|Any CPU
		{4176E1E1-DC37-4C1C-9900-045C5EE49CD9}.Debug|Any CPU.Build.0 = Debug|Any CPU
		{4176E1E1-DC37-4C1C-9900-045C5EE49CD9}.Release|Any CPU.ActiveCfg = Release|Any CPU
		{4176E1E1-DC37-4C1C-9900-045C5EE49CD9}.Release|Any CPU.Build.0 = Release|Any CPU
		{150557B3-FC10-4E0D-9FE6-E5BB1F4050B0}.Debug|Any CPU.ActiveCfg = Debug|Any CPU
		{150557B3-FC10-4E0D-9FE6-E5BB1F4050B0}.Debug|Any CPU.Build.0 = Debug|Any CPU
		{150557B3-FC10-4E0D-9FE6-E5BB1F4050B0}.Release|Any CPU.ActiveCfg = Release|Any CPU
		{150557B3-FC10-4E0D-9FE6-E5BB1F4050B0}.Release|Any CPU.Build.0 = Release|Any CPU
		{C45E16AC-8C60-44C8-A113-A423E4B0D8D3}.Debug|Any CPU.ActiveCfg = Debug|Any CPU
		{C45E16AC-8C60-44C8-A113-A423E4B0D8D3}.Debug|Any CPU.Build.0 = Debug|Any CPU
		{C45E16AC-8C60-44C8-A113-A423E4B0D8D3}.Release|Any CPU.ActiveCfg = Release|Any CPU
		{C45E16AC-8C60-44C8-A113-A423E4B0D8D3}.Release|Any CPU.Build.0 = Release|Any CPU
	EndGlobalSection
	GlobalSection(SolutionProperties) = preSolution
		HideSolutionNode = FALSE
	EndGlobalSection
EndGlobal
